
Microsoft Visual Studio Solution File, Format Version 12.00
# Visual Studio 14
VisualStudioVersion = 14.0.25420.1
MinimumVisualStudioVersion = 10.0.40219.1
Project("{F184B08F-C81C-45F6-A57F-5ABD9991F28F}") = "LSDFConverter", "LSDFConverter\LSDFConverter.vbproj", "{79AC38A4-A505-41FE-AA38-A1B8159CF985}"
EndProject
Project("{F184B08F-C81C-45F6-A57F-5ABD9991F28F}") = "LSDF_ConverterClass", "LSDF_Converter\LSDF_ConverterClass.vbproj", "{CFB54739-F2D9-4B48-8EF7-D7FA4A03B9CD}"
EndProject
Project("{F184B08F-C81C-45F6-A57F-5ABD9991F28F}") = "INIClassLibrary", "F:\Source\Workspaces\Lcm\LCM\INIClassLibrary\INIClassLibrary.vbproj", "{5AE251E6-71D9-44B3-82DC-697D2185303F}"
EndProject
Project("{F184B08F-C81C-45F6-A57F-5ABD9991F28F}") = "LSDFrame", "LSDFrame\LSDFrame.vbproj", "{A6393729-1E48-4987-8261-52EC1C98F29D}"
EndProject
Project("{FAE04EC0-301F-11D3-BF4B-00C04F79EFBC}") = "IniLib", "IniLib\IniLib.csproj", "{EC6CA349-95FE-4C97-8F95-B54DA61D2AEA}"
EndProject
Project("{F184B08F-C81C-45F6-A57F-5ABD9991F28F}") = "ConsoleApplication1", "ConsoleApplication1\ConsoleApplication1.vbproj", "{F8CE11B4-02A8-48FF-AC2C-26D59EAC7CAB}"
EndProject
Project("{F184B08F-C81C-45F6-A57F-5ABD9991F28F}") = "LcmDictionary", "LcmDictionary\LcmDictionary.vbproj", "{E9D15BE8-5AF0-4FEC-8A8D-4F92941E97E8}"
EndProject
Project("{F184B08F-C81C-45F6-A57F-5ABD9991F28F}") = "Test", "Test\Test.vbproj", "{F651EB48-2683-4943-9622-5050EF8C41F0}"
EndProject
Project("{F184B08F-C81C-45F6-A57F-5ABD9991F28F}") = "LSDFEditerForUTAU", "LSDFEditerForUTAU\LSDFEditerForUTAU.vbproj", "{14B0786A-5179-4227-9D4A-8B3695C1B1A9}"
EndProject
Project("{F184B08F-C81C-45F6-A57F-5ABD9991F28F}") = "OtoToLcmMarks", "OtoToLcmMarks\OtoToLcmMarks.vbproj", "{178D719E-2E1A-4D1E-841A-2C94C85BD5F2}"
EndProject
Project("{F184B08F-C81C-45F6-A57F-5ABD9991F28F}") = "SymbolFileMaker", "SymbolFileMaker\SymbolFileMaker.vbproj", "{60F8A29B-9CA8-43E5-AD81-61C55CE257C6}"
EndProject
Project("{F184B08F-C81C-45F6-A57F-5ABD9991F28F}") = "USTConverter", "USTConverter\USTConverter.vbproj", "{720DB53D-EBBC-4167-9522-1134373D7AEE}"
EndProject
Project("{F184B08F-C81C-45F6-A57F-5ABD9991F28F}") = "BatCreater", "BatCreater\BatCreater.vbproj", "{F4A45A9B-CFDD-4435-9A9C-84690BCEE487}"
EndProject
Project("{F184B08F-C81C-45F6-A57F-5ABD9991F28F}") = "LCMTypeLibrary", "LCMTypeLibrary\LCMTypeLibrary.vbproj", "{1AFB763E-8C9E-4597-8F2F-F65769E8605F}"
EndProject
Project("{F184B08F-C81C-45F6-A57F-5ABD9991F28F}") = "FileOperationLibrary", "FileOperationLibrary\FileOperationLibrary.vbproj", "{5FFFF9CE-55F9-4284-A20B-1623BF79BAB3}"
EndProject
Global
	GlobalSection(SolutionConfigurationPlatforms) = preSolution
		Debug|Any CPU = Debug|Any CPU
		Release|Any CPU = Release|Any CPU
	EndGlobalSection
	GlobalSection(ProjectConfigurationPlatforms) = postSolution
		{79AC38A4-A505-41FE-AA38-A1B8159CF985}.Debug|Any CPU.ActiveCfg = Debug|Any CPU
		{79AC38A4-A505-41FE-AA38-A1B8159CF985}.Debug|Any CPU.Build.0 = Debug|Any CPU
		{79AC38A4-A505-41FE-AA38-A1B8159CF985}.Release|Any CPU.ActiveCfg = Release|Any CPU
		{79AC38A4-A505-41FE-AA38-A1B8159CF985}.Release|Any CPU.Build.0 = Release|Any CPU
		{CFB54739-F2D9-4B48-8EF7-D7FA4A03B9CD}.Debug|Any CPU.ActiveCfg = Debug|Any CPU
		{CFB54739-F2D9-4B48-8EF7-D7FA4A03B9CD}.Debug|Any CPU.Build.0 = Debug|Any CPU
		{CFB54739-F2D9-4B48-8EF7-D7FA4A03B9CD}.Release|Any CPU.ActiveCfg = Release|Any CPU
		{CFB54739-F2D9-4B48-8EF7-D7FA4A03B9CD}.Release|Any CPU.Build.0 = Release|Any CPU
		{5AE251E6-71D9-44B3-82DC-697D2185303F}.Debug|Any CPU.ActiveCfg = Debug|Any CPU
		{5AE251E6-71D9-44B3-82DC-697D2185303F}.Debug|Any CPU.Build.0 = Debug|Any CPU
		{5AE251E6-71D9-44B3-82DC-697D2185303F}.Release|Any CPU.ActiveCfg = Release|Any CPU
		{5AE251E6-71D9-44B3-82DC-697D2185303F}.Release|Any CPU.Build.0 = Release|Any CPU
		{A6393729-1E48-4987-8261-52EC1C98F29D}.Debug|Any CPU.ActiveCfg = Debug|Any CPU
		{A6393729-1E48-4987-8261-52EC1C98F29D}.Debug|Any CPU.Build.0 = Debug|Any CPU
		{A6393729-1E48-4987-8261-52EC1C98F29D}.Release|Any CPU.ActiveCfg = Release|Any CPU
		{A6393729-1E48-4987-8261-52EC1C98F29D}.Release|Any CPU.Build.0 = Release|Any CPU
		{EC6CA349-95FE-4C97-8F95-B54DA61D2AEA}.Debug|Any CPU.ActiveCfg = Debug|Any CPU
		{EC6CA349-95FE-4C97-8F95-B54DA61D2AEA}.Debug|Any CPU.Build.0 = Debug|Any CPU
		{EC6CA349-95FE-4C97-8F95-B54DA61D2AEA}.Release|Any CPU.ActiveCfg = Release|Any CPU
		{EC6CA349-95FE-4C97-8F95-B54DA61D2AEA}.Release|Any CPU.Build.0 = Release|Any CPU
		{F8CE11B4-02A8-48FF-AC2C-26D59EAC7CAB}.Debug|Any CPU.ActiveCfg = Debug|Any CPU
		{F8CE11B4-02A8-48FF-AC2C-26D59EAC7CAB}.Debug|Any CPU.Build.0 = Debug|Any CPU
		{F8CE11B4-02A8-48FF-AC2C-26D59EAC7CAB}.Release|Any CPU.ActiveCfg = Release|Any CPU
		{F8CE11B4-02A8-48FF-AC2C-26D59EAC7CAB}.Release|Any CPU.Build.0 = Release|Any CPU
		{E9D15BE8-5AF0-4FEC-8A8D-4F92941E97E8}.Debug|Any CPU.ActiveCfg = Debug|Any CPU
		{E9D15BE8-5AF0-4FEC-8A8D-4F92941E97E8}.Debug|Any CPU.Build.0 = Debug|Any CPU
		{E9D15BE8-5AF0-4FEC-8A8D-4F92941E97E8}.Release|Any CPU.ActiveCfg = Release|Any CPU
		{E9D15BE8-5AF0-4FEC-8A8D-4F92941E97E8}.Release|Any CPU.Build.0 = Release|Any CPU
		{F651EB48-2683-4943-9622-5050EF8C41F0}.Debug|Any CPU.ActiveCfg = Debug|Any CPU
		{F651EB48-2683-4943-9622-5050EF8C41F0}.Debug|Any CPU.Build.0 = Debug|Any CPU
		{F651EB48-2683-4943-9622-5050EF8C41F0}.Release|Any CPU.ActiveCfg = Release|Any CPU
		{F651EB48-2683-4943-9622-5050EF8C41F0}.Release|Any CPU.Build.0 = Release|Any CPU
		{14B0786A-5179-4227-9D4A-8B3695C1B1A9}.Debug|Any CPU.ActiveCfg = Debug|Any CPU
		{14B0786A-5179-4227-9D4A-8B3695C1B1A9}.Debug|Any CPU.Build.0 = Debug|Any CPU
		{14B0786A-5179-4227-9D4A-8B3695C1B1A9}.Release|Any CPU.ActiveCfg = Release|Any CPU
		{14B0786A-5179-4227-9D4A-8B3695C1B1A9}.Release|Any CPU.Build.0 = Release|Any CPU
		{178D719E-2E1A-4D1E-841A-2C94C85BD5F2}.Debug|Any CPU.ActiveCfg = Debug|Any CPU
		{178D719E-2E1A-4D1E-841A-2C94C85BD5F2}.Debug|Any CPU.Build.0 = Debug|Any CPU
		{178D719E-2E1A-4D1E-841A-2C94C85BD5F2}.Release|Any CPU.ActiveCfg = Release|Any CPU
		{178D719E-2E1A-4D1E-841A-2C94C85BD5F2}.Release|Any CPU.Build.0 = Release|Any CPU
		{60F8A29B-9CA8-43E5-AD81-61C55CE257C6}.Debug|Any CPU.ActiveCfg = Debug|Any CPU
		{60F8A29B-9CA8-43E5-AD81-61C55CE257C6}.Debug|Any CPU.Build.0 = Debug|Any CPU
		{60F8A29B-9CA8-43E5-AD81-61C55CE257C6}.Release|Any CPU.ActiveCfg = Release|Any CPU
		{60F8A29B-9CA8-43E5-AD81-61C55CE257C6}.Release|Any CPU.Build.0 = Release|Any CPU
		{720DB53D-EBBC-4167-9522-1134373D7AEE}.Debug|Any CPU.ActiveCfg = Debug|Any CPU
		{720DB53D-EBBC-4167-9522-1134373D7AEE}.Debug|Any CPU.Build.0 = Debug|Any CPU
		{720DB53D-EBBC-4167-9522-1134373D7AEE}.Release|Any CPU.ActiveCfg = Release|Any CPU
		{720DB53D-EBBC-4167-9522-1134373D7AEE}.Release|Any CPU.Build.0 = Release|Any CPU
		{F4A45A9B-CFDD-4435-9A9C-84690BCEE487}.Debug|Any CPU.ActiveCfg = Debug|Any CPU
		{F4A45A9B-CFDD-4435-9A9C-84690BCEE487}.Debug|Any CPU.Build.0 = Debug|Any CPU
		{F4A45A9B-CFDD-4435-9A9C-84690BCEE487}.Release|Any CPU.ActiveCfg = Release|Any CPU
		{F4A45A9B-CFDD-4435-9A9C-84690BCEE487}.Release|Any CPU.Build.0 = Release|Any CPU
		{1AFB763E-8C9E-4597-8F2F-F65769E8605F}.Debug|Any CPU.ActiveCfg = Debug|Any CPU
		{1AFB763E-8C9E-4597-8F2F-F65769E8605F}.Debug|Any CPU.Build.0 = Debug|Any CPU
		{1AFB763E-8C9E-4597-8F2F-F65769E8605F}.Release|Any CPU.ActiveCfg = Release|Any CPU
		{1AFB763E-8C9E-4597-8F2F-F65769E8605F}.Release|Any CPU.Build.0 = Release|Any CPU
		{5FFFF9CE-55F9-4284-A20B-1623BF79BAB3}.Debug|Any CPU.ActiveCfg = Debug|Any CPU
		{5FFFF9CE-55F9-4284-A20B-1623BF79BAB3}.Debug|Any CPU.Build.0 = Debug|Any CPU
		{5FFFF9CE-55F9-4284-A20B-1623BF79BAB3}.Release|Any CPU.ActiveCfg = Release|Any CPU
		{5FFFF9CE-55F9-4284-A20B-1623BF79BAB3}.Release|Any CPU.Build.0 = Release|Any CPU
	EndGlobalSection
	GlobalSection(SolutionProperties) = preSolution
		HideSolutionNode = FALSE
	EndGlobalSection
EndGlobal
